
Microsoft Visual Studio Solution File, Format Version 12.00
# Visual Studio Version 17
VisualStudioVersion = 17.9.34607.119
MinimumVisualStudioVersion = 10.0.40219.1
Project("{FAE04EC0-301F-11D3-BF4B-00C04F79EFBC}") = "FrontEndPerfilesSA", "FrontEndPerfilesSA\FrontEndPerfilesSA.csproj", "{47622992-6424-48BD-B024-AC21B5C071F9}"
EndProject
Global
	GlobalSection(SolutionConfigurationPlatforms) = preSolution
		Debug|Any CPU = Debug|Any CPU
		Release|Any CPU = Release|Any CPU
	EndGlobalSection
	GlobalSection(ProjectConfigurationPlatforms) = postSolution
		{47622992-6424-48BD-B024-AC21B5C071F9}.Debug|Any CPU.ActiveCfg = Debug|Any CPU
		{47622992-6424-48BD-B024-AC21B5C071F9}.Debug|Any CPU.Build.0 = Debug|Any CPU
		{47622992-6424-48BD-B024-AC21B5C071F9}.Release|Any CPU.ActiveCfg = Release|Any CPU
		{47622992-6424-48BD-B024-AC21B5C071F9}.Release|Any CPU.Build.0 = Release|Any CPU
	EndGlobalSection
	GlobalSection(SolutionProperties) = preSolution
		HideSolutionNode = FALSE
	EndGlobalSection
	GlobalSection(ExtensibilityGlobals) = postSolution
		SolutionGuid = {480DD6BB-2260-4527-8B52-DD2B87F57A87}
	EndGlobalSection
EndGlobal
